
Microsoft Visual Studio Solution File, Format Version 12.00
# Visual Studio Version 17
VisualStudioVersion = 17.5.33502.453
MinimumVisualStudioVersion = 10.0.40219.1
Project("{9A19103F-16F7-4668-BE54-9A1E7A4F7556}") = "ConsoleVS", "ConsoleVS\ConsoleVS.csproj", "{F2BFAEF4-7603-4944-97B8-0BCE374BC951}"
EndProject
Project("{FAE04EC0-301F-11D3-BF4B-00C04F79EFBC}") = "ListMaster", "ListMaster\ListMaster.csproj", "{ACDAF686-47BC-442F-8939-C3B872F7DFDF}"
EndProject
Global
	GlobalSection(SolutionConfigurationPlatforms) = preSolution
		Debug|Any CPU = Debug|Any CPU
		Release|Any CPU = Release|Any CPU
	EndGlobalSection
	GlobalSection(ProjectConfigurationPlatforms) = postSolution
		{F2BFAEF4-7603-4944-97B8-0BCE374BC951}.Debug|Any CPU.ActiveCfg = Debug|Any CPU
		{F2BFAEF4-7603-4944-97B8-0BCE374BC951}.Debug|Any CPU.Build.0 = Debug|Any CPU
		{F2BFAEF4-7603-4944-97B8-0BCE374BC951}.Release|Any CPU.ActiveCfg = Release|Any CPU
		{F2BFAEF4-7603-4944-97B8-0BCE374BC951}.Release|Any CPU.Build.0 = Release|Any CPU
		{ACDAF686-47BC-442F-8939-C3B872F7DFDF}.Debug|Any CPU.ActiveCfg = Debug|Any CPU
		{ACDAF686-47BC-442F-8939-C3B872F7DFDF}.Debug|Any CPU.Build.0 = Debug|Any CPU
		{ACDAF686-47BC-442F-8939-C3B872F7DFDF}.Release|Any CPU.ActiveCfg = Release|Any CPU
		{ACDAF686-47BC-442F-8939-C3B872F7DFDF}.Release|Any CPU.Build.0 = Release|Any CPU
	EndGlobalSection
	GlobalSection(SolutionProperties) = preSolution
		HideSolutionNode = FALSE
	EndGlobalSection
	GlobalSection(ExtensibilityGlobals) = postSolution
		SolutionGuid = {E3888E1D-7274-460F-863D-5CAB56E48E7F}
	EndGlobalSection
EndGlobal
